
Microsoft Visual Studio Solution File, Format Version 12.00
# Visual Studio Version 17
VisualStudioVersion = 17.6.33829.357
MinimumVisualStudioVersion = 10.0.40219.1
Project("{FAE04EC0-301F-11D3-BF4B-00C04F79EFBC}") = "QLNSDH", "QLNSDH\QLNSDH.csproj", "{3BF03CD2-5435-440B-A0B3-F5EBF7D29F91}"
EndProject
Global
	GlobalSection(SolutionConfigurationPlatforms) = preSolution
		Debug|Any CPU = Debug|Any CPU
		Release|Any CPU = Release|Any CPU
	EndGlobalSection
	GlobalSection(ProjectConfigurationPlatforms) = postSolution
		{3BF03CD2-5435-440B-A0B3-F5EBF7D29F91}.Debug|Any CPU.ActiveCfg = Debug|Any CPU
		{3BF03CD2-5435-440B-A0B3-F5EBF7D29F91}.Debug|Any CPU.Build.0 = Debug|Any CPU
		{3BF03CD2-5435-440B-A0B3-F5EBF7D29F91}.Release|Any CPU.ActiveCfg = Release|Any CPU
		{3BF03CD2-5435-440B-A0B3-F5EBF7D29F91}.Release|Any CPU.Build.0 = Release|Any CPU
	EndGlobalSection
	GlobalSection(SolutionProperties) = preSolution
		HideSolutionNode = FALSE
	EndGlobalSection
	GlobalSection(ExtensibilityGlobals) = postSolution
		SolutionGuid = {F8603F3C-087C-4982-AE08-9EC597901436}
	EndGlobalSection
EndGlobal
